
Microsoft Visual Studio Solution File, Format Version 12.00
# Visual Studio 2013
VisualStudioVersion = 12.0.40629.0
MinimumVisualStudioVersion = 10.0.40219.1
Project("{FAE04EC0-301F-11D3-BF4B-00C04F79EFBC}") = "PL", "PL\PL.csproj", "{F925D32B-CDB3-4B8B-8546-F8054642028E}"
EndProject
Project("{2150E333-8FDC-42A3-9474-1A3956D46DE8}") = "Practica 1", "Practica 1", "{6284F687-B571-4495-84F8-51A4EB7341BA}"
EndProject
Project("{FAE04EC0-301F-11D3-BF4B-00C04F79EFBC}") = "PL_2", "PL_2\PL_2.csproj", "{E064F767-0CC5-4CEA-890B-0EB382E5AE70}"
EndProject
Global
	GlobalSection(SolutionConfigurationPlatforms) = preSolution
		Debug|Any CPU = Debug|Any CPU
		Release|Any CPU = Release|Any CPU
	EndGlobalSection
	GlobalSection(ProjectConfigurationPlatforms) = postSolution
		{F925D32B-CDB3-4B8B-8546-F8054642028E}.Debug|Any CPU.ActiveCfg = Debug|Any CPU
		{F925D32B-CDB3-4B8B-8546-F8054642028E}.Debug|Any CPU.Build.0 = Debug|Any CPU
		{F925D32B-CDB3-4B8B-8546-F8054642028E}.Release|Any CPU.ActiveCfg = Release|Any CPU
		{F925D32B-CDB3-4B8B-8546-F8054642028E}.Release|Any CPU.Build.0 = Release|Any CPU
		{E064F767-0CC5-4CEA-890B-0EB382E5AE70}.Debug|Any CPU.ActiveCfg = Debug|Any CPU
		{E064F767-0CC5-4CEA-890B-0EB382E5AE70}.Debug|Any CPU.Build.0 = Debug|Any CPU
		{E064F767-0CC5-4CEA-890B-0EB382E5AE70}.Release|Any CPU.ActiveCfg = Release|Any CPU
		{E064F767-0CC5-4CEA-890B-0EB382E5AE70}.Release|Any CPU.Build.0 = Release|Any CPU
	EndGlobalSection
	GlobalSection(SolutionProperties) = preSolution
		HideSolutionNode = FALSE
	EndGlobalSection
	GlobalSection(NestedProjects) = preSolution
		{F925D32B-CDB3-4B8B-8546-F8054642028E} = {6284F687-B571-4495-84F8-51A4EB7341BA}
		{E064F767-0CC5-4CEA-890B-0EB382E5AE70} = {6284F687-B571-4495-84F8-51A4EB7341BA}
	EndGlobalSection
EndGlobal
